
Microsoft Visual Studio Solution File, Format Version 12.00
# Visual Studio Version 17
VisualStudioVersion = 17.4.33205.214
MinimumVisualStudioVersion = 10.0.40219.1
Project("{FAE04EC0-301F-11D3-BF4B-00C04F79EFBC}") = "CreateVolleyballTeams", "CreateVolleyballTeams\CreateVolleyballTeams.csproj", "{9FC19526-B29F-472A-A10B-B7E361E21CBE}"
EndProject
Global
	GlobalSection(SolutionConfigurationPlatforms) = preSolution
		Debug|Any CPU = Debug|Any CPU
		Release|Any CPU = Release|Any CPU
	EndGlobalSection
	GlobalSection(ProjectConfigurationPlatforms) = postSolution
		{9FC19526-B29F-472A-A10B-B7E361E21CBE}.Debug|Any CPU.ActiveCfg = Debug|Any CPU
		{9FC19526-B29F-472A-A10B-B7E361E21CBE}.Debug|Any CPU.Build.0 = Debug|Any CPU
		{9FC19526-B29F-472A-A10B-B7E361E21CBE}.Release|Any CPU.ActiveCfg = Release|Any CPU
		{9FC19526-B29F-472A-A10B-B7E361E21CBE}.Release|Any CPU.Build.0 = Release|Any CPU
	EndGlobalSection
	GlobalSection(SolutionProperties) = preSolution
		HideSolutionNode = FALSE
	EndGlobalSection
	GlobalSection(ExtensibilityGlobals) = postSolution
		SolutionGuid = {01095024-371F-4537-B67C-E73B9B7DBC2C}
	EndGlobalSection
EndGlobal
