
Microsoft Visual Studio Solution File, Format Version 12.00
# Visual Studio Version 16
VisualStudioVersion = 16.0.31729.503
MinimumVisualStudioVersion = 10.0.40219.1
Project("{FAE04EC0-301F-11D3-BF4B-00C04F79EFBC}") = "CS264Assignment3", "CS264Assignment3\CS264Assignment3.csproj", "{5A8477F0-FD80-4499-BF47-732D4D1DD807}"
EndProject
Global
	GlobalSection(SolutionConfigurationPlatforms) = preSolution
		Debug|Any CPU = Debug|Any CPU
		Release|Any CPU = Release|Any CPU
	EndGlobalSection
	GlobalSection(ProjectConfigurationPlatforms) = postSolution
		{5A8477F0-FD80-4499-BF47-732D4D1DD807}.Debug|Any CPU.ActiveCfg = Debug|Any CPU
		{5A8477F0-FD80-4499-BF47-732D4D1DD807}.Debug|Any CPU.Build.0 = Debug|Any CPU
		{5A8477F0-FD80-4499-BF47-732D4D1DD807}.Release|Any CPU.ActiveCfg = Release|Any CPU
		{5A8477F0-FD80-4499-BF47-732D4D1DD807}.Release|Any CPU.Build.0 = Release|Any CPU
	EndGlobalSection
	GlobalSection(SolutionProperties) = preSolution
		HideSolutionNode = FALSE
	EndGlobalSection
	GlobalSection(ExtensibilityGlobals) = postSolution
		SolutionGuid = {1BDFBA13-79DD-42D5-8CEE-9C6E39006005}
	EndGlobalSection
EndGlobal
